
Microsoft Visual Studio Solution File, Format Version 12.00
# Visual Studio Version 16
VisualStudioVersion = 16.0.31424.327
MinimumVisualStudioVersion = 10.0.40219.1
Project("{FAE04EC0-301F-11D3-BF4B-00C04F79EFBC}") = "DBProgramming_III", "DBProgramming_III.csproj", "{83BF5E98-B640-484D-81C4-950D826B4DE0}"
EndProject
Global
	GlobalSection(SolutionConfigurationPlatforms) = preSolution
		Debug|Any CPU = Debug|Any CPU
		Release|Any CPU = Release|Any CPU
	EndGlobalSection
	GlobalSection(ProjectConfigurationPlatforms) = postSolution
		{83BF5E98-B640-484D-81C4-950D826B4DE0}.Debug|Any CPU.ActiveCfg = Debug|Any CPU
		{83BF5E98-B640-484D-81C4-950D826B4DE0}.Debug|Any CPU.Build.0 = Debug|Any CPU
		{83BF5E98-B640-484D-81C4-950D826B4DE0}.Release|Any CPU.ActiveCfg = Release|Any CPU
		{83BF5E98-B640-484D-81C4-950D826B4DE0}.Release|Any CPU.Build.0 = Release|Any CPU
	EndGlobalSection
	GlobalSection(SolutionProperties) = preSolution
		HideSolutionNode = FALSE
	EndGlobalSection
	GlobalSection(ExtensibilityGlobals) = postSolution
		SolutionGuid = {F63A7B36-9971-429D-A139-9CB47BBFCF16}
	EndGlobalSection
EndGlobal
